// !$*UTF8*$!
{
	archiveVersion = 1;
	classes = {
	};
	objectVersion = 50;
	objects = {

/* Begin PBXBuildFile section */
		4E9BC05C23088EAB00E70198 /* main.swift in Sources */ = {isa = PBXBuildFile; fileRef = 4E9BC05B23088EAB00E70198 /* main.swift */; };
		4E9BC06423088EDE00E70198 /* Synthesizer.swift in Sources */ = {isa = PBXBuildFile; fileRef = 4E9BC06323088EDE00E70198 /* Synthesizer.swift */; };
		4E9BC06623088F6A00E70198 /* MiscHelpers.swift in Sources */ = {isa = PBXBuildFile; fileRef = 4E9BC06523088F6A00E70198 /* MiscHelpers.swift */; };
		4E9BC06923088FD700E70198 /* MathHelpers.swift in Sources */ = {isa = PBXBuildFile; fileRef = 4E9BC06723088FCA00E70198 /* MathHelpers.swift */; };
		4E9BC06B2308900500E70198 /* MusicHelpers.swift in Sources */ = {isa = PBXBuildFile; fileRef = 4E9BC06A2308900500E70198 /* MusicHelpers.swift */; };
/* End PBXBuildFile section */

/* Begin PBXCopyFilesBuildPhase section */
		4E9BC05623088EAB00E70198 /* CopyFiles */ = {
			isa = PBXCopyFilesBuildPhase;
			buildActionMask = 2147483647;
			dstPath = /usr/share/man/man1/;
			dstSubfolderSpec = 0;
			files = (
			);
			runOnlyForDeploymentPostprocessing = 1;
		};
/* End PBXCopyFilesBuildPhase section */

/* Begin PBXFileReference section */
		4E9BC05823088EAB00E70198 /* Synthesizer */ = {isa = PBXFileReference; explicitFileType = "compiled.mach-o.executable"; includeInIndex = 0; path = Synthesizer; sourceTree = BUILT_PRODUCTS_DIR; };
		4E9BC05B23088EAB00E70198 /* main.swift */ = {isa = PBXFileReference; lastKnownFileType = sourcecode.swift; path = main.swift; sourceTree = "<group>"; };
		4E9BC06323088EDE00E70198 /* Synthesizer.swift */ = {isa = PBXFileReference; lastKnownFileType = sourcecode.swift; path = Synthesizer.swift; sourceTree = "<group>"; };
		4E9BC06523088F6A00E70198 /* MiscHelpers.swift */ = {isa = PBXFileReference; lastKnownFileType = sourcecode.swift; path = MiscHelpers.swift; sourceTree = "<group>"; };
		4E9BC06723088FCA00E70198 /* MathHelpers.swift */ = {isa = PBXFileReference; lastKnownFileType = sourcecode.swift; path = MathHelpers.swift; sourceTree = "<group>"; };
		4E9BC06A2308900500E70198 /* MusicHelpers.swift */ = {isa = PBXFileReference; lastKnownFileType = sourcecode.swift; path = MusicHelpers.swift; sourceTree = "<group>"; };
		4EE07AF723C13B2E0018E57E /* Backup.txt */ = {isa = PBXFileReference; lastKnownFileType = text; path = Backup.txt; sourceTree = "<group>"; };
/* End PBXFileReference section */

/* Begin PBXFrameworksBuildPhase section */
		4E9BC05523088EAB00E70198 /* Frameworks */ = {
			isa = PBXFrameworksBuildPhase;
			buildActionMask = 2147483647;
			files = (
			);
			runOnlyForDeploymentPostprocessing = 0;
		};
/* End PBXFrameworksBuildPhase section */

/* Begin PBXGroup section */
		4E9BC04F23088EAB00E70198 = {
			isa = PBXGroup;
			children = (
				4E9BC05A23088EAB00E70198 /* Synthesizer */,
				4E9BC05923088EAB00E70198 /* Products */,
			);
			sourceTree = "<group>";
		};
		4E9BC05923088EAB00E70198 /* Products */ = {
			isa = PBXGroup;
			children = (
				4E9BC05823088EAB00E70198 /* Synthesizer */,
			);
			name = Products;
			sourceTree = "<group>";
		};
		4E9BC05A23088EAB00E70198 /* Synthesizer */ = {
			isa = PBXGroup;
			children = (
				4E9BC05B23088EAB00E70198 /* main.swift */,
				4E9BC06323088EDE00E70198 /* Synthesizer.swift */,
				4E9BC06523088F6A00E70198 /* MiscHelpers.swift */,
				4E9BC06723088FCA00E70198 /* MathHelpers.swift */,
				4E9BC06A2308900500E70198 /* MusicHelpers.swift */,
				4EE07AF723C13B2E0018E57E /* Backup.txt */,
			);
			path = Synthesizer;
			sourceTree = "<group>";
		};
/* End PBXGroup section */

/* Begin PBXNativeTarget section */
		4E9BC05723088EAB00E70198 /* Synthesizer */ = {
			isa = PBXNativeTarget;
			buildConfigurationList = 4E9BC05F23088EAB00E70198 /* Build configuration list for PBXNativeTarget "Synthesizer" */;
			buildPhases = (
				4E9BC05423088EAB00E70198 /* Sources */,
				4E9BC05523088EAB00E70198 /* Frameworks */,
				4E9BC05623088EAB00E70198 /* CopyFiles */,
			);
			buildRules = (
			);
			dependencies = (
			);
			name = Synthesizer;
			productName = AAA_CLI_Testing;
			productReference = 4E9BC05823088EAB00E70198 /* Synthesizer */;
			productType = "com.apple.product-type.tool";
		};
/* End PBXNativeTarget section */

/* Begin PBXProject section */
		4E9BC05023088EAB00E70198 /* Project object */ = {
			isa = PBXProject;
			attributes = {
				LastSwiftUpdateCheck = 1020;
				LastUpgradeCheck = 1020;
				ORGANIZATIONNAME = "Maddy Adams";
				TargetAttributes = {
					4E9BC05723088EAB00E70198 = {
						CreatedOnToolsVersion = 10.2;
					};
				};
			};
			buildConfigurationList = 4E9BC05323088EAB00E70198 /* Build configuration list for PBXProject "Synthesizer" */;
			compatibilityVersion = "Xcode 9.3";
			developmentRegion = en;
			hasScannedForEncodings = 0;
			knownRegions = (
				en,
			);
			mainGroup = 4E9BC04F23088EAB00E70198;
			productRefGroup = 4E9BC05923088EAB00E70198 /* Products */;
			projectDirPath = "";
			projectRoot = "";
			targets = (
				4E9BC05723088EAB00E70198 /* Synthesizer */,
			);
		};
/* End PBXProject section */

/* Begin PBXSourcesBuildPhase section */
		4E9BC05423088EAB00E70198 /* Sources */ = {
			isa = PBXSourcesBuildPhase;
			buildActionMask = 2147483647;
			files = (
				4E9BC06423088EDE00E70198 /* Synthesizer.swift in Sources */,
				4E9BC06623088F6A00E70198 /* MiscHelpers.swift in Sources */,
				4E9BC06B2308900500E70198 /* MusicHelpers.swift in Sources */,
				4E9BC05C23088EAB00E70198 /* main.swift in Sources */,
				4E9BC06923088FD700E70198 /* MathHelpers.swift in Sources */,
			);
			runOnlyForDeploymentPostprocessing = 0;
		};
/* End PBXSourcesBuildPhase section */

/* Begin XCBuildConfiguration section */
		4E9BC05D23088EAB00E70198 /* Debug */ = {
			isa = XCBuildConfiguration;
			buildSettings = {
				ALWAYS_SEARCH_USER_PATHS = NO;
				CLANG_ANALYZER_NONNULL = YES;
				CLANG_ANALYZER_NUMBER_OBJECT_CONVERSION = YES_AGGRESSIVE;
				CLANG_CXX_LANGUAGE_STANDARD = "gnu++14";
				CLANG_CXX_LIBRARY = "libc++";
				CLANG_ENABLE_MODULES = YES;
				CLANG_ENABLE_OBJC_ARC = YES;
				CLANG_ENABLE_OBJC_WEAK = YES;
				CLANG_WARN_BLOCK_CAPTURE_AUTORELEASING = YES;
				CLANG_WARN_BOOL_CONVERSION = YES;
				CLANG_WARN_COMMA = YES;
				CLANG_WARN_CONSTANT_CONVERSION = YES;
				CLANG_WARN_DEPRECATED_OBJC_IMPLEMENTATIONS = YES;
				CLANG_WARN_DIRECT_OBJC_ISA_USAGE = YES_ERROR;
				CLANG_WARN_DOCUMENTATION_COMMENTS = YES;
				CLANG_WARN_EMPTY_BODY = YES;
				CLANG_WARN_ENUM_CONVERSION = YES;
				CLANG_WARN_INFINITE_RECURSION = YES;
				CLANG_WARN_INT_CONVERSION = YES;
				CLANG_WARN_NON_LITERAL_NULL_CONVERSION = YES;
				CLANG_WARN_OBJC_IMPLICIT_RETAIN_SELF = YES;
				CLANG_WARN_OBJC_LITERAL_CONVERSION = YES;
				CLANG_WARN_OBJC_ROOT_CLASS = YES_ERROR;
				CLANG_WARN_RANGE_LOOP_ANALYSIS = YES;
				CLANG_WARN_STRICT_PROTOTYPES = YES;
				CLANG_WARN_SUSPICIOUS_MOVE = YES;
				CLANG_WARN_UNGUARDED_AVAILABILITY = YES_AGGRESSIVE;
				CLANG_WARN_UNREACHABLE_CODE = YES;
				CLANG_WARN__DUPLICATE_METHOD_MATCH = YES;
				CODE_SIGN_IDENTITY = "Mac Developer";
				COPY_PHASE_STRIP = NO;
				DEBUG_INFORMATION_FORMAT = dwarf;
				ENABLE_STRICT_OBJC_MSGSEND = YES;
				ENABLE_TESTABILITY = YES;
				GCC_C_LANGUAGE_STANDARD = gnu11;
				GCC_DYNAMIC_NO_PIC = NO;
				GCC_NO_COMMON_BLOCKS = YES;
				GCC_OPTIMIZATION_LEVEL = 0;
				GCC_PREPROCESSOR_DEFINITIONS = (
					"DEBUG=1",
					"$(inherited)",
				);
				GCC_WARN_64_TO_32_BIT_CONVERSION = YES;
				GCC_WARN_ABOUT_RETURN_TYPE = YES_ERROR;
				GCC_WARN_UNDECLARED_SELECTOR = YES;
				GCC_WARN_UNINITIALIZED_AUTOS = YES_AGGRESSIVE;
				GCC_WARN_UNUSED_FUNCTION = YES;
				GCC_WARN_UNUSED_VARIABLE = YES;
				MACOSX_DEPLOYMENT_TARGET = 10.14;
				MTL_ENABLE_DEBUG_INFO = INCLUDE_SOURCE;
				MTL_FAST_MATH = YES;
				ONLY_ACTIVE_ARCH = YES;
				SDKROOT = macosx;
				SWIFT_ACTIVE_COMPILATION_CONDITIONS = DEBUG;
				SWIFT_OPTIMIZATION_LEVEL = "-Onone";
			};
			name = Debug;
		};
		4E9BC05E23088EAB00E70198 /* Release */ = {
			isa = XCBuildConfiguration;
			buildSettings = {
				ALWAYS_SEARCH_USER_PATHS = NO;
				CLANG_ANALYZER_NONNULL = YES;
				CLANG_ANALYZER_NUMBER_OBJECT_CONVERSION = YES_AGGRESSIVE;
				CLANG_CXX_LANGUAGE_STANDARD = "gnu++14";
				CLANG_CXX_LIBRARY = "libc++";
				CLANG_ENABLE_MODULES = YES;
				CLANG_ENABLE_OBJC_ARC = YES;
				CLANG_ENABLE_OBJC_WEAK = YES;
				CLANG_WARN_BLOCK_CAPTURE_AUTORELEASING = YES;
				CLANG_WARN_BOOL_CONVERSION = YES;
				CLANG_WARN_COMMA = YES;
				CLANG_WARN_CONSTANT_CONVERSION = YES;
				CLANG_WARN_DEPRECATED_OBJC_IMPLEMENTATIONS = YES;
				CLANG_WARN_DIRECT_OBJC_ISA_USAGE = YES_ERROR;
				CLANG_WARN_DOCUMENTATION_COMMENTS = YES;
				CLANG_WARN_EMPTY_BODY = YES;
				CLANG_WARN_ENUM_CONVERSION = YES;
				CLANG_WARN_INFINITE_RECURSION = YES;
				CLANG_WARN_INT_CONVERSION = YES;
				CLANG_WARN_NON_LITERAL_NULL_CONVERSION = YES;
				CLANG_WARN_OBJC_IMPLICIT_RETAIN_SELF = YES;
				CLANG_WARN_OBJC_LITERAL_CONVERSION = YES;
				CLANG_WARN_OBJC_ROOT_CLASS = YES_ERROR;
				CLANG_WARN_RANGE_LOOP_ANALYSIS = YES;
				CLANG_WARN_STRICT_PROTOTYPES = YES;
				CLANG_WARN_SUSPICIOUS_MOVE = YES;
				CLANG_WARN_UNGUARDED_AVAILABILITY = YES_AGGRESSIVE;
				CLANG_WARN_UNREACHABLE_CODE = YES;
				CLANG_WARN__DUPLICATE_METHOD_MATCH = YES;
				CODE_SIGN_IDENTITY = "Mac Developer";
				COPY_PHASE_STRIP = NO;
				DEBUG_INFORMATION_FORMAT = "dwarf-with-dsym";
				ENABLE_NS_ASSERTIONS = NO;
				ENABLE_STRICT_OBJC_MSGSEND = YES;
				GCC_C_LANGUAGE_STANDARD = gnu11;
				GCC_NO_COMMON_BLOCKS = YES;
				GCC_WARN_64_TO_32_BIT_CONVERSION = YES;
				GCC_WARN_ABOUT_RETURN_TYPE = YES_ERROR;
				GCC_WARN_UNDECLARED_SELECTOR = YES;
				GCC_WARN_UNINITIALIZED_AUTOS = YES_AGGRESSIVE;
				GCC_WARN_UNUSED_FUNCTION = YES;
				GCC_WARN_UNUSED_VARIABLE = YES;
				MACOSX_DEPLOYMENT_TARGET = 10.14;
				MTL_ENABLE_DEBUG_INFO = NO;
				MTL_FAST_MATH = YES;
				SDKROOT = macosx;
				SWIFT_COMPILATION_MODE = wholemodule;
				SWIFT_OPTIMIZATION_LEVEL = "-O";
			};
			name = Release;
		};
		4E9BC06023088EAB00E70198 /* Debug */ = {
			isa = XCBuildConfiguration;
			buildSettings = {
				CODE_SIGN_STYLE = Automatic;
				DEVELOPMENT_TEAM = 2AYRUJY4FY;
				PRODUCT_NAME = "$(TARGET_NAME)";
				SWIFT_VERSION = 5.0;
			};
			name = Debug;
		};
		4E9BC06123088EAB00E70198 /* Release */ = {
			isa = XCBuildConfiguration;
			buildSettings = {
				CODE_SIGN_STYLE = Automatic;
				DEVELOPMENT_TEAM = 2AYRUJY4FY;
				PRODUCT_NAME = "$(TARGET_NAME)";
				SWIFT_VERSION = 5.0;
			};
			name = Release;
		};
/* End XCBuildConfiguration section */

/* Begin XCConfigurationList section */
		4E9BC05323088EAB00E70198 /* Build configuration list for PBXProject "Synthesizer" */ = {
			isa = XCConfigurationList;
			buildConfigurations = (
				4E9BC05D23088EAB00E70198 /* Debug */,
				4E9BC05E23088EAB00E70198 /* Release */,
			);
			defaultConfigurationIsVisible = 0;
			defaultConfigurationName = Release;
		};
		4E9BC05F23088EAB00E70198 /* Build configuration list for PBXNativeTarget "Synthesizer" */ = {
			isa = XCConfigurationList;
			buildConfigurations = (
				4E9BC06023088EAB00E70198 /* Debug */,
				4E9BC06123088EAB00E70198 /* Release */,
			);
			defaultConfigurationIsVisible = 0;
			defaultConfigurationName = Release;
		};
/* End XCConfigurationList section */
	};
	rootObject = 4E9BC05023088EAB00E70198 /* Project object */;
}
